
Microsoft Visual Studio Solution File, Format Version 12.00
# Visual Studio Version 16
VisualStudioVersion = 16.0.30225.117
MinimumVisualStudioVersion = 10.0.40219.1
Project("{FAE04EC0-301F-11D3-BF4B-00C04F79EFBC}") = "MAS.Hackathon.BackEnd", "MAS.Hackathon.BackEnd\MAS.Hackathon.BackEnd.csproj", "{D3A5E277-40ED-41E0-8D29-54DF58697171}"
EndProject
Global
	GlobalSection(SolutionConfigurationPlatforms) = preSolution
		Debug|Any CPU = Debug|Any CPU
		Release|Any CPU = Release|Any CPU
	EndGlobalSection
	GlobalSection(ProjectConfigurationPlatforms) = postSolution
		{D3A5E277-40ED-41E0-8D29-54DF58697171}.Debug|Any CPU.ActiveCfg = Debug|Any CPU
		{D3A5E277-40ED-41E0-8D29-54DF58697171}.Debug|Any CPU.Build.0 = Debug|Any CPU
		{D3A5E277-40ED-41E0-8D29-54DF58697171}.Release|Any CPU.ActiveCfg = Release|Any CPU
		{D3A5E277-40ED-41E0-8D29-54DF58697171}.Release|Any CPU.Build.0 = Release|Any CPU
	EndGlobalSection
	GlobalSection(SolutionProperties) = preSolution
		HideSolutionNode = FALSE
	EndGlobalSection
	GlobalSection(ExtensibilityGlobals) = postSolution
		SolutionGuid = {84FF4B15-4B90-457D-8829-4779F04C3B99}
	EndGlobalSection
EndGlobal
